
Microsoft Visual Studio Solution File, Format Version 12.00
# Visual Studio Version 16
VisualStudioVersion = 16.0.32002.261
MinimumVisualStudioVersion = 10.0.40219.1
Project("{FAE04EC0-301F-11D3-BF4B-00C04F79EFBC}") = "ScrapingWpf", "ScrapingWpf\ScrapingWpf.csproj", "{886BD820-3C51-492A-904F-9954F569665A}"
EndProject
Global
	GlobalSection(SolutionConfigurationPlatforms) = preSolution
		Debug|Any CPU = Debug|Any CPU
		Release|Any CPU = Release|Any CPU
	EndGlobalSection
	GlobalSection(ProjectConfigurationPlatforms) = postSolution
		{886BD820-3C51-492A-904F-9954F569665A}.Debug|Any CPU.ActiveCfg = Debug|Any CPU
		{886BD820-3C51-492A-904F-9954F569665A}.Debug|Any CPU.Build.0 = Debug|Any CPU
		{886BD820-3C51-492A-904F-9954F569665A}.Release|Any CPU.ActiveCfg = Release|Any CPU
		{886BD820-3C51-492A-904F-9954F569665A}.Release|Any CPU.Build.0 = Release|Any CPU
	EndGlobalSection
	GlobalSection(SolutionProperties) = preSolution
		HideSolutionNode = FALSE
	EndGlobalSection
	GlobalSection(ExtensibilityGlobals) = postSolution
		SolutionGuid = {1030C2B7-B950-45AB-A624-EA269D680780}
	EndGlobalSection
EndGlobal
